
Microsoft Visual Studio Solution File, Format Version 12.00
# Visual Studio Version 17
VisualStudioVersion = 17.13.35825.156 d17.13
MinimumVisualStudioVersion = 10.0.40219.1
Project("{FAE04EC0-301F-11D3-BF4B-00C04F79EFBC}") = "App", "App\App.csproj", "{4EEFC24D-AF88-44C3-9244-3035E2BA2B9D}"
EndProject
Project("{FAE04EC0-301F-11D3-BF4B-00C04F79EFBC}") = "Model", "Model\Model.csproj", "{95132E09-C91E-493C-8832-1CC45AC07DD4}"
EndProject
Project("{FAE04EC0-301F-11D3-BF4B-00C04F79EFBC}") = "Context", "Context\Context.csproj", "{F319A039-FD78-4DC7-8DAA-5D2DE8C8279B}"
EndProject
Global
	GlobalSection(SolutionConfigurationPlatforms) = preSolution
		Debug|Any CPU = Debug|Any CPU
		Release|Any CPU = Release|Any CPU
	EndGlobalSection
	GlobalSection(ProjectConfigurationPlatforms) = postSolution
		{4EEFC24D-AF88-44C3-9244-3035E2BA2B9D}.Debug|Any CPU.ActiveCfg = Debug|Any CPU
		{4EEFC24D-AF88-44C3-9244-3035E2BA2B9D}.Debug|Any CPU.Build.0 = Debug|Any CPU
		{4EEFC24D-AF88-44C3-9244-3035E2BA2B9D}.Release|Any CPU.ActiveCfg = Release|Any CPU
		{4EEFC24D-AF88-44C3-9244-3035E2BA2B9D}.Release|Any CPU.Build.0 = Release|Any CPU
		{95132E09-C91E-493C-8832-1CC45AC07DD4}.Debug|Any CPU.ActiveCfg = Debug|Any CPU
		{95132E09-C91E-493C-8832-1CC45AC07DD4}.Debug|Any CPU.Build.0 = Debug|Any CPU
		{95132E09-C91E-493C-8832-1CC45AC07DD4}.Release|Any CPU.ActiveCfg = Release|Any CPU
		{95132E09-C91E-493C-8832-1CC45AC07DD4}.Release|Any CPU.Build.0 = Release|Any CPU
		{F319A039-FD78-4DC7-8DAA-5D2DE8C8279B}.Debug|Any CPU.ActiveCfg = Debug|Any CPU
		{F319A039-FD78-4DC7-8DAA-5D2DE8C8279B}.Debug|Any CPU.Build.0 = Debug|Any CPU
		{F319A039-FD78-4DC7-8DAA-5D2DE8C8279B}.Release|Any CPU.ActiveCfg = Release|Any CPU
		{F319A039-FD78-4DC7-8DAA-5D2DE8C8279B}.Release|Any CPU.Build.0 = Release|Any CPU
	EndGlobalSection
	GlobalSection(SolutionProperties) = preSolution
		HideSolutionNode = FALSE
	EndGlobalSection
	GlobalSection(ExtensibilityGlobals) = postSolution
		SolutionGuid = {F36B9EB0-BB7A-4EB9-AD1C-DB5EFCD5B887}
	EndGlobalSection
EndGlobal
